[[package]]
name = "asyncio-mqtt"
version = "0.12.1"
description = "Idomatic asyncio wrapper around paho-mqtt."
category = "main"
optional = false
python-versions = "*"

[package.dependencies]
paho-mqtt = ">=1.6.0"

[[package]]
name = "bleak"
version = "0.14.2"
description = "Bluetooth Low Energy platform Agnostic Klient"
category = "main"
optional = false
python-versions = "*"

[package.dependencies]
bleak-winrt = {version = ">=1.1.1", markers = "platform_system == \"Windows\""}
dbus-next = {version = "*", markers = "platform_system == \"Linux\""}
pyobjc-core = {version = "*", markers = "platform_system == \"Darwin\""}
pyobjc-framework-CoreBluetooth = {version = "*", markers = "platform_system == \"Darwin\""}
pyobjc-framework-libdispatch = {version = "*", markers = "platform_system == \"Darwin\""}

[[package]]
name = "bleak-winrt"
version = "1.1.1"
description = "Python WinRT bindings for Bleak"
category = "main"
optional = false
python-versions = "*"

[[package]]
name = "dbus-next"
version = "0.2.3"
description = "A zero-dependency DBus library for Python with asyncio support"
category = "main"
optional = false
python-versions = ">=3.6.0"

[[package]]
name = "paho-mqtt"
version = "1.6.1"
description = "MQTT version 5.0/3.1.1 client class"
category = "main"
optional = false
python-versions = "*"

[package.extras]
proxy = ["pysocks"]

[[package]]
name = "pyobjc-core"
version = "8.3"
description = "Python<->ObjC Interoperability Module"
category = "main"
optional = false
python-versions = ">=3.6"

[[package]]
name = "pyobjc-framework-cocoa"
version = "8.3"
description = "Wrappers for the Cocoa frameworks on macOS"
category = "main"
optional = false
python-versions = ">=3.6"

[package.dependencies]
pyobjc-core = ">=8.3"

[[package]]
name = "pyobjc-framework-corebluetooth"
version = "8.3"
description = "Wrappers for the framework CoreBluetooth on macOS"
category = "main"
optional = false
python-versions = ">=3.6"

[package.dependencies]
pyobjc-core = ">=8.3"
pyobjc-framework-Cocoa = ">=8.3"

[[package]]
name = "pyobjc-framework-libdispatch"
version = "8.3"
description = "Wrappers for libdispatch on macOS"
category = "main"
optional = false
python-versions = ">=3.6"

[package.dependencies]
pyobjc-core = ">=8.3"

[metadata]
lock-version = "1.1"
python-versions = "^3.9"
content-hash = "3ab6608270db336ec43390a02f7e463ac358dafae7965fa88d725ad915b9f913"

[metadata.files]
asyncio-mqtt = [
    {file = "asyncio_mqtt-0.12.1-py3-none-any.whl", hash = "sha256:cfa32fbd3a2d727ac74fa17ccafd30830a2a66f9e5e6ac7eee5458a9c7a6a832"},
    {file = "asyncio_mqtt-0.12.1.tar.gz", hash = "sha256:6dbf85a45f94d26e7465411680ada3947b50546e98208d5d52e7a0a7ed7a7c38"},
]
bleak = [
    {file = "bleak-0.14.2-py2.py3-none-any.whl", hash = "sha256:48cee8151ec505e02d13330db369b4b78e39dd66e0629e7a1c3d9277e57ac791"},
    {file = "bleak-0.14.2.tar.gz", hash = "sha256:d04cedcfee67b46c5d1b09072478e102dc32617e1bb55655c457254d0a4678ba"},
]
bleak-winrt = [
    {file = "bleak-winrt-1.1.1.tar.gz", hash = "sha256:3e7765f98d71b5229d95bd3b197931994dead40f3144e7186de7b8f664e26df0"},
    {file = "bleak_winrt-1.1.1-cp310-cp310-win32.whl", hash = "sha256:f1ab6641cfdadce69126b459c5d30f1a934384bc0c37632393163eea3c94d7a8"},
    {file = "bleak_winrt-1.1.1-cp310-cp310-win_amd64.whl", hash = "sha256:79a87c7fcc99838bf7f71765e855a74a80e085c4aedde14d0931d56a9f87be77"},
    {file = "bleak_winrt-1.1.1-cp37-cp37m-win32.whl", hash = "sha256:1cf652fe38822216c093d4322b9899f54bff3169c4fc48ee8dd10bc1938ec59c"},
    {file = "bleak_winrt-1.1.1-cp37-cp37m-win_amd64.whl", hash = "sha256:09b64b9b768dfa3abab16e67f7e0d476a0e9d86da2975a2487e033ce2be96663"},
    {file = "bleak_winrt-1.1.1-cp38-cp38-win32.whl", hash = "sha256:1c4a9ee0c3195d07a3fd8f994953075443563c2c5c8e608cd09f3d0eaac540ed"},
    {file = "bleak_winrt-1.1.1-cp38-cp38-win_amd64.whl", hash = "sha256:e75b8d5aad3169bd528be9ccbacb775fb0d07f1714ca93b1efa6687c47a1b755"},
    {file = "bleak_winrt-1.1.1-cp39-cp39-win32.whl", hash = "sha256:e0da28651f8e83aaaea4113d084880f1fafae75c29c2a70429ae1f0b8681dc52"},
    {file = "bleak_winrt-1.1.1-cp39-cp39-win_amd64.whl", hash = "sha256:7481aed7d17e8c2aa2bf9e3786206e382f710f516e00887d825df1b7a4c613d5"},
]
dbus-next = [
    {file = "dbus_next-0.2.3-py3-none-any.whl", hash = "sha256:58948f9aff9db08316734c0be2a120f6dc502124d9642f55e90ac82ffb16a18b"},
    {file = "dbus_next-0.2.3.tar.gz", hash = "sha256:f4eae26909332ada528c0a3549dda8d4f088f9b365153952a408e28023a626a5"},
]
paho-mqtt = [
    {file = "paho-mqtt-1.6.1.tar.gz", hash = "sha256:2a8291c81623aec00372b5a85558a372c747cbca8e9934dfe218638b8eefc26f"},
]
pyobjc-core = [
    {file = "pyobjc-core-8.3.tar.gz", hash = "sha256:9b7688188e28761ac7655cf3a2fa9942927e16d3a5a81cc8d726b0bcb3b4f283"},
    {file = "pyobjc_core-8.3-cp310-cp310-macosx_10_9_universal2.whl", hash = "sha256:cfebdc2763a46f99043aae09e5076fb0e10ff4102099712ec358704ef1ba62c5"},
    {file = "pyobjc_core-8.3-cp36-cp36m-macosx_10_9_x86_64.whl", hash = "sha256:3cc529b1ca996dd4ec7433b06694c8edf8655dfc5a0b11b4462b38d0721014a4"},
    {file = "pyobjc_core-8.3-cp37-cp37m-macosx_10_9_x86_64.whl", hash = "sha256:46fcb04fef29ff436b6b5de44e90c6f1454934dda5c1879f1b3e4945d5bc6d13"},
    {file = "pyobjc_core-8.3-cp38-cp38-macosx_10_9_x86_64.whl", hash = "sha256:35f246735fcba9b32a9a5dadbc81e0d64758182873744b5949ca8105bafb2323"},
    {file = "pyobjc_core-8.3-cp39-cp39-macosx_10_9_universal2.whl", hash = "sha256:52981d4ae9ad6dff04cf415b21701f43b02a8686df47f6b6a13807c5ba957ac0"},
]
pyobjc-framework-cocoa = [
    {file = "pyobjc-framework-Cocoa-8.3.tar.gz", hash = "sha256:5003e780d9bfc2984b1415d9ee9ad07625f6abd2191964d153c6d331d81284fe"},
    {file = "pyobjc_framework_Cocoa-8.3-cp310-cp310-macosx_10_9_universal2.whl", hash = "sha256:13251b47fbbe5321e6d1159f07158a598f2cdccc32e01985695702b96d092913"},
    {file = "pyobjc_framework_Cocoa-8.3-cp36-cp36m-macosx_10_9_x86_64.whl", hash = "sha256:97c6c8247d2136c869ee96a7d8b3c314c8f1424452d4708ef4016516d6d4ab8a"},
    {file = "pyobjc_framework_Cocoa-8.3-cp37-cp37m-macosx_10_9_x86_64.whl", hash = "sha256:042f00e981104a59affff2d74cf989248ada22f20122241522c4e48fe06ab96c"},
    {file = "pyobjc_framework_Cocoa-8.3-cp38-cp38-macosx_10_9_x86_64.whl", hash = "sha256:87a16e7d16e74f9df35f8a01e025114f52bbf16acac6851971c233de7c36dd0e"},
    {file = "pyobjc_framework_Cocoa-8.3-cp38-cp38-macosx_11_0_universal2.whl", hash = "sha256:7fec7732d93f5e7ea41bda64dd288e39087e5dea7add3d02f2bd156e0b2bd029"},
    {file = "pyobjc_framework_Cocoa-8.3-cp39-cp39-macosx_10_9_universal2.whl", hash = "sha256:729206d414a0b8e15f3afccd96b07d5beafdd0ac587f942186444aa39b55d6ff"},
]
pyobjc-framework-corebluetooth = [
    {file = "pyobjc-framework-CoreBluetooth-8.3.tar.gz", hash = "sha256:2f10856d7d253408e9ff679a592a50c9baf233fba3c1f38da6508fededcc13bb"},
    {file = "pyobjc_framework_CoreBluetooth-8.3-cp36-abi3-macosx_10_9_universal2.whl", hash = "sha256:de4df724c5bb7ae787bc141ebf7e5031b0a26d54b8c78a608df583307da612bf"},
    {file = "pyobjc_framework_CoreBluetooth-8.3-cp36-abi3-macosx_10_9_x86_64.whl", hash = "sha256:6c0843886b02a803aa76ff5a877c1bbae2cc26d8a242014c90c8dba873bfd5c3"},
    {file = "pyobjc_framework_CoreBluetooth-8.3-cp36-abi3-macosx_11_0_universal2.whl", hash = "sha256:164c87a5aeddd94558a30d9b009958a305e7fab177615547fe32319f53724584"},
]
pyobjc-framework-libdispatch = [
    {file = "pyobjc-framework-libdispatch-8.3.tar.gz", hash = "sha256:9492b0d4a47017ee7cf8148b76e8357ac0927d53a21b55a307289dba53804378"},
    {file = "pyobjc_framework_libdispatch-8.3-cp310-cp310-macosx_10_9_universal2.whl", hash = "sha256:d1b1ce50eed9a61e2bf695f831d1e2618b9634d4216671ce61b5d181945b59d9"},
    {file = "pyobjc_framework_libdispatch-8.3-cp36-cp36m-macosx_10_9_x86_64.whl", hash = "sha256:1a6d13acf01962f58589398adb6042068f59de90704541a8c452dd86b02fa89a"},
    {file = "pyobjc_framework_libdispatch-8.3-cp37-cp37m-macosx_10_9_x86_64.whl", hash = "sha256:3f1d94d16baceca0ad2c1d245e6ab264ce3ab8dc672b05fa6996a2d75f2f674b"},
    {file = "pyobjc_framework_libdispatch-8.3-cp38-cp38-macosx_10_9_x86_64.whl", hash = "sha256:bb64b9e3d0cd63f16394168ba5d1a5366a39c96a993505ff590b630631fab7c6"},
    {file = "pyobjc_framework_libdispatch-8.3-cp38-cp38-macosx_11_0_universal2.whl", hash = "sha256:646b18d7d2c2a7717ed01c93eefd5596c200d0989c53838ab03ffc6db3110e50"},
    {file = "pyobjc_framework_libdispatch-8.3-cp39-cp39-macosx_10_9_universal2.whl", hash = "sha256:2d8a045b7aeec0065ff2f1cca71136cf7b7e7b2cd09ab4b085e0073842124681"},
]
